
Microsoft Visual Studio Solution File, Format Version 12.00
# Visual Studio 2012
Project("{2150E333-8FDC-42A3-9474-1A3956D46DE8}") = "src", "src", "{F0717179-F14B-4667-8D5A-5980EC935F0F}"
EndProject
Project("{FAE04EC0-301F-11D3-BF4B-00C04F79EFBC}") = "Sitecore.Mvc.Contrib", "src\Sitecore.Mvc.Contrib\Sitecore.Mvc.Contrib.csproj", "{5791FCD4-6691-4EA6-8E02-000AF1E707A4}"
EndProject
Project("{2150E333-8FDC-42A3-9474-1A3956D46DE8}") = "build", "build", "{33043060-6D33-4018-9F77-A36E70771C93}"
	ProjectSection(SolutionItems) = preProject
		build.cmd = build.cmd
		build\Build.proj = build\Build.proj
		build\Build.tasks = build\Build.tasks
		build\README.md = build\README.md
		build\Sitecore.Mvc.Contrib.versions.targets = build\Sitecore.Mvc.Contrib.versions.targets
	EndProjectSection
EndProject
Project("{2150E333-8FDC-42A3-9474-1A3956D46DE8}") = ".nuget", ".nuget", "{47B95AB0-A787-4853-B9B4-CC16714240A6}"
	ProjectSection(SolutionItems) = preProject
		.nuget\NuGet.Config = .nuget\NuGet.Config
		.nuget\NuGet.exe = .nuget\NuGet.exe
		.nuget\NuGet.targets = .nuget\NuGet.targets
	EndProjectSection
EndProject
Project("{2150E333-8FDC-42A3-9474-1A3956D46DE8}") = "tests", "tests", "{2A29E5BC-9DE1-4299-AFD9-86F1CC77B921}"
EndProject
Project("{2150E333-8FDC-42A3-9474-1A3956D46DE8}") = "unit test", "unit test", "{923D9377-9025-425B-9698-1A38947CA973}"
EndProject
Project("{2150E333-8FDC-42A3-9474-1A3956D46DE8}") = "lib", "lib", "{BFDC90B2-65F5-4F9E-A49F-9CD8060A2B4B}"
	ProjectSection(SolutionItems) = preProject
		lib\README.md = lib\README.md
	EndProjectSection
EndProject
Project("{FAE04EC0-301F-11D3-BF4B-00C04F79EFBC}") = "Sitecore.Abstractions", "src\Sitecore.Abstractions\Sitecore.Abstractions.csproj", "{8DA484D1-06D3-4749-8275-C9B3346C2584}"
EndProject
Project("{2150E333-8FDC-42A3-9474-1A3956D46DE8}") = "packaging", "packaging", "{05F4023A-A4F6-4844-8175-8D7E04C63913}"
	ProjectSection(SolutionItems) = preProject
		build\packaging\Sitecore.Mvc.Contrib.Autofac.nuspec = build\packaging\Sitecore.Mvc.Contrib.Autofac.nuspec
		build\packaging\Sitecore.Mvc.Contrib.CastleWindsor.nuspec = build\packaging\Sitecore.Mvc.Contrib.CastleWindsor.nuspec
		build\packaging\Sitecore.Mvc.Contrib.nuspec = build\packaging\Sitecore.Mvc.Contrib.nuspec
		build\packaging\Sitecore.Mvc.Contrib.Sample.nuspec = build\packaging\Sitecore.Mvc.Contrib.Sample.nuspec
		build\packaging\Sitecore.Mvc.Contrib.StructureMap.nuspec = build\packaging\Sitecore.Mvc.Contrib.StructureMap.nuspec
	EndProjectSection
EndProject
Project("{FAE04EC0-301F-11D3-BF4B-00C04F79EFBC}") = "Sitecore.Mvc.Contrib.Test", "tests\unit-test\Sitecore.Mvc.Contrib.Test\Sitecore.Mvc.Contrib.Test.csproj", "{EA6E7E5D-C6B4-480E-BAD6-B8EB8EB805F4}"
EndProject
Project("{2150E333-8FDC-42A3-9474-1A3956D46DE8}") = "docs", "docs", "{D11D4F10-B2C8-4E1C-BF78-B192D303D20D}"
	ProjectSection(SolutionItems) = preProject
		README.md = README.md
	EndProjectSection
EndProject
Project("{FAE04EC0-301F-11D3-BF4B-00C04F79EFBC}") = "Sitecore.Mvc.Contrib.Sample", "src\Sitecore.Mvc.Contrib.Sample\Sitecore.Mvc.Contrib.Sample.csproj", "{5ABC454A-FDD0-47B7-BC9C-C2BC7BE4C7AC}"
EndProject
Project("{FAE04EC0-301F-11D3-BF4B-00C04F79EFBC}") = "Sitecore.Mvc.Contrib.CastleWindsor", "src\Sitecore.Mvc.Contrib.CastleWindsor\Sitecore.Mvc.Contrib.CastleWindsor.csproj", "{E934CC51-A949-4AD1-A4CC-CECA447EC7F0}"
EndProject
Project("{FAE04EC0-301F-11D3-BF4B-00C04F79EFBC}") = "Sitecore.Mvc.Contrib.StructureMap", "src\Sitecore.Mvc.Contrib.StructureMap\Sitecore.Mvc.Contrib.StructureMap.csproj", "{F8C9B1B3-F1E4-4AC6-99A7-23B1779E3577}"
EndProject
Project("{FAE04EC0-301F-11D3-BF4B-00C04F79EFBC}") = "Sitecore.Mvc.Contrib.Autofac", "src\Sitecore.Mvc.Contrib.Autofac\Sitecore.Mvc.Contrib.Autofac.csproj", "{D2A2A95F-B31F-4757-8EF4-44BE78ECE3D0}"
EndProject
Global
	GlobalSection(SolutionConfigurationPlatforms) = preSolution
		Debug|Any CPU = Debug|Any CPU
		Debug|Mixed Platforms = Debug|Mixed Platforms
		Debug|x86 = Debug|x86
		Release|Any CPU = Release|Any CPU
		Release|Mixed Platforms = Release|Mixed Platforms
		Release|x86 = Release|x86
	EndGlobalSection
	GlobalSection(ProjectConfigurationPlatforms) = postSolution
		{5791FCD4-6691-4EA6-8E02-000AF1E707A4}.Debug|Any CPU.ActiveCfg = Debug|Any CPU
		{5791FCD4-6691-4EA6-8E02-000AF1E707A4}.Debug|Any CPU.Build.0 = Debug|Any CPU
		{5791FCD4-6691-4EA6-8E02-000AF1E707A4}.Debug|Mixed Platforms.ActiveCfg = Debug|Any CPU
		{5791FCD4-6691-4EA6-8E02-000AF1E707A4}.Debug|Mixed Platforms.Build.0 = Debug|Any CPU
		{5791FCD4-6691-4EA6-8E02-000AF1E707A4}.Debug|x86.ActiveCfg = Debug|Any CPU
		{5791FCD4-6691-4EA6-8E02-000AF1E707A4}.Release|Any CPU.ActiveCfg = Release|Any CPU
		{5791FCD4-6691-4EA6-8E02-000AF1E707A4}.Release|Any CPU.Build.0 = Release|Any CPU
		{5791FCD4-6691-4EA6-8E02-000AF1E707A4}.Release|Mixed Platforms.ActiveCfg = Release|Any CPU
		{5791FCD4-6691-4EA6-8E02-000AF1E707A4}.Release|Mixed Platforms.Build.0 = Release|Any CPU
		{5791FCD4-6691-4EA6-8E02-000AF1E707A4}.Release|x86.ActiveCfg = Release|Any CPU
		{8DA484D1-06D3-4749-8275-C9B3346C2584}.Debug|Any CPU.ActiveCfg = Debug|Any CPU
		{8DA484D1-06D3-4749-8275-C9B3346C2584}.Debug|Any CPU.Build.0 = Debug|Any CPU
		{8DA484D1-06D3-4749-8275-C9B3346C2584}.Debug|Mixed Platforms.ActiveCfg = Debug|Any CPU
		{8DA484D1-06D3-4749-8275-C9B3346C2584}.Debug|Mixed Platforms.Build.0 = Debug|Any CPU
		{8DA484D1-06D3-4749-8275-C9B3346C2584}.Debug|x86.ActiveCfg = Debug|Any CPU
		{8DA484D1-06D3-4749-8275-C9B3346C2584}.Release|Any CPU.ActiveCfg = Release|Any CPU
		{8DA484D1-06D3-4749-8275-C9B3346C2584}.Release|Any CPU.Build.0 = Release|Any CPU
		{8DA484D1-06D3-4749-8275-C9B3346C2584}.Release|Mixed Platforms.ActiveCfg = Release|Any CPU
		{8DA484D1-06D3-4749-8275-C9B3346C2584}.Release|Mixed Platforms.Build.0 = Release|Any CPU
		{8DA484D1-06D3-4749-8275-C9B3346C2584}.Release|x86.ActiveCfg = Release|Any CPU
		{EA6E7E5D-C6B4-480E-BAD6-B8EB8EB805F4}.Debug|Any CPU.ActiveCfg = Debug|Any CPU
		{EA6E7E5D-C6B4-480E-BAD6-B8EB8EB805F4}.Debug|Any CPU.Build.0 = Debug|Any CPU
		{EA6E7E5D-C6B4-480E-BAD6-B8EB8EB805F4}.Debug|Mixed Platforms.ActiveCfg = Debug|Any CPU
		{EA6E7E5D-C6B4-480E-BAD6-B8EB8EB805F4}.Debug|Mixed Platforms.Build.0 = Debug|Any CPU
		{EA6E7E5D-C6B4-480E-BAD6-B8EB8EB805F4}.Debug|x86.ActiveCfg = Debug|Any CPU
		{EA6E7E5D-C6B4-480E-BAD6-B8EB8EB805F4}.Release|Any CPU.ActiveCfg = Release|Any CPU
		{EA6E7E5D-C6B4-480E-BAD6-B8EB8EB805F4}.Release|Any CPU.Build.0 = Release|Any CPU
		{EA6E7E5D-C6B4-480E-BAD6-B8EB8EB805F4}.Release|Mixed Platforms.ActiveCfg = Release|Any CPU
		{EA6E7E5D-C6B4-480E-BAD6-B8EB8EB805F4}.Release|Mixed Platforms.Build.0 = Release|Any CPU
		{EA6E7E5D-C6B4-480E-BAD6-B8EB8EB805F4}.Release|x86.ActiveCfg = Release|Any CPU
		{5ABC454A-FDD0-47B7-BC9C-C2BC7BE4C7AC}.Debug|Any CPU.ActiveCfg = Debug|Any CPU
		{5ABC454A-FDD0-47B7-BC9C-C2BC7BE4C7AC}.Debug|Any CPU.Build.0 = Debug|Any CPU
		{5ABC454A-FDD0-47B7-BC9C-C2BC7BE4C7AC}.Debug|Mixed Platforms.ActiveCfg = Debug|Any CPU
		{5ABC454A-FDD0-47B7-BC9C-C2BC7BE4C7AC}.Debug|Mixed Platforms.Build.0 = Debug|Any CPU
		{5ABC454A-FDD0-47B7-BC9C-C2BC7BE4C7AC}.Debug|x86.ActiveCfg = Debug|Any CPU
		{5ABC454A-FDD0-47B7-BC9C-C2BC7BE4C7AC}.Release|Any CPU.ActiveCfg = Release|Any CPU
		{5ABC454A-FDD0-47B7-BC9C-C2BC7BE4C7AC}.Release|Any CPU.Build.0 = Release|Any CPU
		{5ABC454A-FDD0-47B7-BC9C-C2BC7BE4C7AC}.Release|Mixed Platforms.ActiveCfg = Release|Any CPU
		{5ABC454A-FDD0-47B7-BC9C-C2BC7BE4C7AC}.Release|Mixed Platforms.Build.0 = Release|Any CPU
		{5ABC454A-FDD0-47B7-BC9C-C2BC7BE4C7AC}.Release|x86.ActiveCfg = Release|Any CPU
		{E934CC51-A949-4AD1-A4CC-CECA447EC7F0}.Debug|Any CPU.ActiveCfg = Debug|Any CPU
		{E934CC51-A949-4AD1-A4CC-CECA447EC7F0}.Debug|Any CPU.Build.0 = Debug|Any CPU
		{E934CC51-A949-4AD1-A4CC-CECA447EC7F0}.Debug|Mixed Platforms.ActiveCfg = Debug|Any CPU
		{E934CC51-A949-4AD1-A4CC-CECA447EC7F0}.Debug|Mixed Platforms.Build.0 = Debug|Any CPU
		{E934CC51-A949-4AD1-A4CC-CECA447EC7F0}.Debug|x86.ActiveCfg = Debug|Any CPU
		{E934CC51-A949-4AD1-A4CC-CECA447EC7F0}.Release|Any CPU.ActiveCfg = Release|Any CPU
		{E934CC51-A949-4AD1-A4CC-CECA447EC7F0}.Release|Any CPU.Build.0 = Release|Any CPU
		{E934CC51-A949-4AD1-A4CC-CECA447EC7F0}.Release|Mixed Platforms.ActiveCfg = Release|Any CPU
		{E934CC51-A949-4AD1-A4CC-CECA447EC7F0}.Release|Mixed Platforms.Build.0 = Release|Any CPU
		{E934CC51-A949-4AD1-A4CC-CECA447EC7F0}.Release|x86.ActiveCfg = Release|Any CPU
		{F8C9B1B3-F1E4-4AC6-99A7-23B1779E3577}.Debug|Any CPU.ActiveCfg = Debug|Any CPU
		{F8C9B1B3-F1E4-4AC6-99A7-23B1779E3577}.Debug|Any CPU.Build.0 = Debug|Any CPU
		{F8C9B1B3-F1E4-4AC6-99A7-23B1779E3577}.Debug|Mixed Platforms.ActiveCfg = Debug|Any CPU
		{F8C9B1B3-F1E4-4AC6-99A7-23B1779E3577}.Debug|Mixed Platforms.Build.0 = Debug|Any CPU
		{F8C9B1B3-F1E4-4AC6-99A7-23B1779E3577}.Debug|x86.ActiveCfg = Debug|Any CPU
		{F8C9B1B3-F1E4-4AC6-99A7-23B1779E3577}.Release|Any CPU.ActiveCfg = Release|Any CPU
		{F8C9B1B3-F1E4-4AC6-99A7-23B1779E3577}.Release|Any CPU.Build.0 = Release|Any CPU
		{F8C9B1B3-F1E4-4AC6-99A7-23B1779E3577}.Release|Mixed Platforms.ActiveCfg = Release|Any CPU
		{F8C9B1B3-F1E4-4AC6-99A7-23B1779E3577}.Release|Mixed Platforms.Build.0 = Release|Any CPU
		{F8C9B1B3-F1E4-4AC6-99A7-23B1779E3577}.Release|x86.ActiveCfg = Release|Any CPU
		{D2A2A95F-B31F-4757-8EF4-44BE78ECE3D0}.Debug|Any CPU.ActiveCfg = Debug|Any CPU
		{D2A2A95F-B31F-4757-8EF4-44BE78ECE3D0}.Debug|Any CPU.Build.0 = Debug|Any CPU
		{D2A2A95F-B31F-4757-8EF4-44BE78ECE3D0}.Debug|Mixed Platforms.ActiveCfg = Debug|Any CPU
		{D2A2A95F-B31F-4757-8EF4-44BE78ECE3D0}.Debug|Mixed Platforms.Build.0 = Debug|Any CPU
		{D2A2A95F-B31F-4757-8EF4-44BE78ECE3D0}.Debug|x86.ActiveCfg = Debug|Any CPU
		{D2A2A95F-B31F-4757-8EF4-44BE78ECE3D0}.Release|Any CPU.ActiveCfg = Release|Any CPU
		{D2A2A95F-B31F-4757-8EF4-44BE78ECE3D0}.Release|Any CPU.Build.0 = Release|Any CPU
		{D2A2A95F-B31F-4757-8EF4-44BE78ECE3D0}.Release|Mixed Platforms.ActiveCfg = Release|Any CPU
		{D2A2A95F-B31F-4757-8EF4-44BE78ECE3D0}.Release|Mixed Platforms.Build.0 = Release|Any CPU
		{D2A2A95F-B31F-4757-8EF4-44BE78ECE3D0}.Release|x86.ActiveCfg = Release|Any CPU
	EndGlobalSection
	GlobalSection(SolutionProperties) = preSolution
		HideSolutionNode = FALSE
	EndGlobalSection
	GlobalSection(NestedProjects) = preSolution
		{5791FCD4-6691-4EA6-8E02-000AF1E707A4} = {F0717179-F14B-4667-8D5A-5980EC935F0F}
		{8DA484D1-06D3-4749-8275-C9B3346C2584} = {F0717179-F14B-4667-8D5A-5980EC935F0F}
		{5ABC454A-FDD0-47B7-BC9C-C2BC7BE4C7AC} = {F0717179-F14B-4667-8D5A-5980EC935F0F}
		{E934CC51-A949-4AD1-A4CC-CECA447EC7F0} = {F0717179-F14B-4667-8D5A-5980EC935F0F}
		{F8C9B1B3-F1E4-4AC6-99A7-23B1779E3577} = {F0717179-F14B-4667-8D5A-5980EC935F0F}
		{D2A2A95F-B31F-4757-8EF4-44BE78ECE3D0} = {F0717179-F14B-4667-8D5A-5980EC935F0F}
		{05F4023A-A4F6-4844-8175-8D7E04C63913} = {33043060-6D33-4018-9F77-A36E70771C93}
		{923D9377-9025-425B-9698-1A38947CA973} = {2A29E5BC-9DE1-4299-AFD9-86F1CC77B921}
		{EA6E7E5D-C6B4-480E-BAD6-B8EB8EB805F4} = {923D9377-9025-425B-9698-1A38947CA973}
	EndGlobalSection
EndGlobal
