
Microsoft Visual Studio Solution File, Format Version 11.00
# Visual Studio 2010
Project("{FAE04EC0-301F-11D3-BF4B-00C04F79EFBC}") = "Sitecore.Mvc.Contrib", "Sitecore.Mvc.Contrib\Sitecore.Mvc.Contrib.csproj", "{5791FCD4-6691-4EA6-8E02-000AF1E707A4}"
EndProject
Global
	GlobalSection(SolutionConfigurationPlatforms) = preSolution
		Debug|Any CPU = Debug|Any CPU
		Release|Any CPU = Release|Any CPU
	EndGlobalSection
	GlobalSection(ProjectConfigurationPlatforms) = postSolution
		{5791FCD4-6691-4EA6-8E02-000AF1E707A4}.Debug|Any CPU.ActiveCfg = Debug|Any CPU
		{5791FCD4-6691-4EA6-8E02-000AF1E707A4}.Debug|Any CPU.Build.0 = Debug|Any CPU
		{5791FCD4-6691-4EA6-8E02-000AF1E707A4}.Release|Any CPU.ActiveCfg = Release|Any CPU
		{5791FCD4-6691-4EA6-8E02-000AF1E707A4}.Release|Any CPU.Build.0 = Release|Any CPU
	EndGlobalSection
	GlobalSection(SolutionProperties) = preSolution
		HideSolutionNode = FALSE
	EndGlobalSection
EndGlobal
